
Microsoft Visual Studio Solution File, Format Version 12.00
# Visual Studio Version 17
VisualStudioVersion = 17.0.32014.148
MinimumVisualStudioVersion = 10.0.40219.1
Project("{9A19103F-16F7-4668-BE54-9A1E7A4F7556}") = "GerenciadorProjeto", "GerenciadorProjeto\GerenciadorProjeto.csproj", "{D82E694B-E186-4ADA-B16D-550A8B8D786D}"
EndProject
Global
	GlobalSection(SolutionConfigurationPlatforms) = preSolution
		Debug|Any CPU = Debug|Any CPU
		Release|Any CPU = Release|Any CPU
	EndGlobalSection
	GlobalSection(ProjectConfigurationPlatforms) = postSolution
		{D82E694B-E186-4ADA-B16D-550A8B8D786D}.Debug|Any CPU.ActiveCfg = Debug|Any CPU
		{D82E694B-E186-4ADA-B16D-550A8B8D786D}.Debug|Any CPU.Build.0 = Debug|Any CPU
		{D82E694B-E186-4ADA-B16D-550A8B8D786D}.Release|Any CPU.ActiveCfg = Release|Any CPU
		{D82E694B-E186-4ADA-B16D-550A8B8D786D}.Release|Any CPU.Build.0 = Release|Any CPU
	EndGlobalSection
	GlobalSection(SolutionProperties) = preSolution
		HideSolutionNode = FALSE
	EndGlobalSection
	GlobalSection(ExtensibilityGlobals) = postSolution
		SolutionGuid = {96F2D470-AABE-4A94-B9DB-944C52F6FBFF}
	EndGlobalSection
EndGlobal
